
Microsoft Visual Studio Solution File, Format Version 12.00
# Visual Studio Version 17
VisualStudioVersion = 17.4.33122.133
MinimumVisualStudioVersion = 10.0.40219.1
Project("{FAE04EC0-301F-11D3-BF4B-00C04F79EFBC}") = "Shrike", "Shrike\Shrike.csproj", "{58A5576B-DFBF-47F0-A153-FB11936EDE11}"
EndProject
Project("{FAE04EC0-301F-11D3-BF4B-00C04F79EFBC}") = "Shrike.Harmony", "Shrike.Harmony\Shrike.Harmony.csproj", "{22EA483A-A4D7-45B6-B42A-58987B1D9E9E}"
EndProject
Global
	GlobalSection(SolutionConfigurationPlatforms) = preSolution
		Debug|Any CPU = Debug|Any CPU
		Release|Any CPU = Release|Any CPU
	EndGlobalSection
	GlobalSection(ProjectConfigurationPlatforms) = postSolution
		{58A5576B-DFBF-47F0-A153-FB11936EDE11}.Debug|Any CPU.ActiveCfg = Debug|Any CPU
		{58A5576B-DFBF-47F0-A153-FB11936EDE11}.Debug|Any CPU.Build.0 = Debug|Any CPU
		{58A5576B-DFBF-47F0-A153-FB11936EDE11}.Release|Any CPU.ActiveCfg = Release|Any CPU
		{58A5576B-DFBF-47F0-A153-FB11936EDE11}.Release|Any CPU.Build.0 = Release|Any CPU
		{22EA483A-A4D7-45B6-B42A-58987B1D9E9E}.Debug|Any CPU.ActiveCfg = Debug|Any CPU
		{22EA483A-A4D7-45B6-B42A-58987B1D9E9E}.Debug|Any CPU.Build.0 = Debug|Any CPU
		{22EA483A-A4D7-45B6-B42A-58987B1D9E9E}.Release|Any CPU.ActiveCfg = Release|Any CPU
		{22EA483A-A4D7-45B6-B42A-58987B1D9E9E}.Release|Any CPU.Build.0 = Release|Any CPU
	EndGlobalSection
	GlobalSection(SolutionProperties) = preSolution
		HideSolutionNode = FALSE
	EndGlobalSection
	GlobalSection(ExtensibilityGlobals) = postSolution
		SolutionGuid = {7D7AA9B4-75BE-4DCD-9678-EFB657161E41}
	EndGlobalSection
EndGlobal
